{
  "lockfileVersion": 1,
  "configVersion": 1,
  "workspaces": {
    "": {
      "name": "@simse/cli",
      "devDependencies": {
        "typescript": "^5.7.2",
      },
    },
    "plugin-sdk": {
      "name": "@simse/plugin-sdk",
      "version": "0.1.0",
    },
    "plugins/claude": {
      "name": "@simse/plugin-claude",
      "version": "0.1.0",
      "dependencies": {
        "@simse/plugin-sdk": "workspace:*",
      },
    },
    "plugins/copilot": {
      "name": "@simse/plugin-copilot",
      "version": "0.1.0",
      "dependencies": {
        "@github/copilot-sdk": "^1.0.0-beta.4",
        "@simse/plugin-sdk": "workspace:*",
      },
    },
    "plugins/github": {
      "name": "@simse/plugin-github",
      "version": "0.1.0",
      "dependencies": {
        "@simse/plugin-sdk": "workspace:*",
      },
    },
    "plugins/ollama": {
      "name": "@simse/plugin-ollama",
      "version": "0.1.0",
      "dependencies": {
        "@simse/plugin-sdk": "workspace:*",
      },
    },
    "plugins/perplexity": {
      "name": "@simse/plugin-perplexity",
      "version": "0.1.0",
      "dependencies": {
        "@simse/plugin-sdk": "workspace:*",
      },
    },
  },
  "packages": {
    "@github/copilot": ["@github/copilot@1.0.48", "", { "optionalDependencies": { "@github/copilot-darwin-arm64": "1.0.48", "@github/copilot-darwin-x64": "1.0.48", "@github/copilot-linux-arm64": "1.0.48", "@github/copilot-linux-x64": "1.0.48", "@github/copilot-win32-arm64": "1.0.48", "@github/copilot-win32-x64": "1.0.48" }, "bin": { "copilot": "npm-loader.js" } }, "sha512-U5SzyTEq376UU9A4Sd3TEKz+Y2nRUd90cLO4Hc1otaB8yFSy9Ur2UVGcI2/wCoodL3a39k6WbdgNzFxr0gWFRQ=="],

    "@github/copilot-darwin-arm64": ["@github/copilot-darwin-arm64@1.0.48", "", { "os": "darwin", "cpu": "arm64", "bin": { "copilot-darwin-arm64": "copilot" } }, "sha512-82MLoMQwPVVFM8EYssihFxSEPUYtZADE8rMzQ3jG9HgRg2qjQSfnHQS1mKe64dlXswZUK/onw6/8kjnW5I4pPg=="],

    "@github/copilot-darwin-x64": ["@github/copilot-darwin-x64@1.0.48", "", { "os": "darwin", "cpu": "x64", "bin": { "copilot-darwin-x64": "copilot" } }, "sha512-1VQ5r5F0h8GwboXmZTcutqcJT+iCpPXAF27QqodmpKEvW9aYfG8g9X2kFJOzDZoX+SA3Uaka9qXdYKF2xT6Uog=="],

    "@github/copilot-linux-arm64": ["@github/copilot-linux-arm64@1.0.48", "", { "os": "linux", "cpu": "arm64", "bin": { "copilot-linux-arm64": "copilot" } }, "sha512-PmsGnb0DZlI+Bf53l9HM1PAHHkUcMyB4y8v/7tnC/jDOV5dGF124n0HnDNfJLOLiJGiQGodthIif6QtPaAxpeA=="],

    "@github/copilot-linux-x64": ["@github/copilot-linux-x64@1.0.48", "", { "os": "linux", "cpu": "x64", "bin": { "copilot-linux-x64": "copilot" } }, "sha512-b2cc4euSlke9fYHXXsS2EL9UYbctN0h4lZvtAcKUDY+RCnpYAQOVBZK+c1R9dQrtsT6Z/yUv7PuFPSs8qdtc2Q=="],

    "@github/copilot-sdk": ["@github/copilot-sdk@1.0.0-beta.4", "", { "dependencies": { "@github/copilot": "^1.0.46", "vscode-jsonrpc": "^8.2.1", "zod": "^4.3.6" } }, "sha512-DcVMN2FWODxamFS9nTls8AW3QsyMnj6JDVBNRVBXaTY9kEhGHCjt8lp7sJp95/vyl52hvEb4/68Oh6SdFU9O/Q=="],

    "@github/copilot-win32-arm64": ["@github/copilot-win32-arm64@1.0.48", "", { "os": "win32", "cpu": "arm64", "bin": { "copilot-win32-arm64": "copilot.exe" } }, "sha512-VEEOwddtpJ3DTbXGhnK6K8im4ofl9m08q1m/K++sNvWV8wkkOSOQBTiPdyUsuU/TXAoFhb8tZMIJv+6NnMBtMw=="],

    "@github/copilot-win32-x64": ["@github/copilot-win32-x64@1.0.48", "", { "os": "win32", "cpu": "x64", "bin": { "copilot-win32-x64": "copilot.exe" } }, "sha512-93BzvXLPHTyy1gWBXQY/IWIHor4IAwZuuo7/obG80/Qa6U0WeaN9slz/FBJvrsgVNrrRfEID5Xm3At+S6Kj67Q=="],

    "@simse/plugin-claude": ["@simse/plugin-claude@workspace:plugins/claude"],

    "@simse/plugin-copilot": ["@simse/plugin-copilot@workspace:plugins/copilot"],

    "@simse/plugin-github": ["@simse/plugin-github@workspace:plugins/github"],

    "@simse/plugin-ollama": ["@simse/plugin-ollama@workspace:plugins/ollama"],

    "@simse/plugin-perplexity": ["@simse/plugin-perplexity@workspace:plugins/perplexity"],

    "@simse/plugin-sdk": ["@simse/plugin-sdk@workspace:plugin-sdk"],

    "typescript": ["typescript@5.9.3", "", { "bin": { "tsc": "bin/tsc", "tsserver": "bin/tsserver" } }, "sha512-jl1vZzPDinLr9eUt3J/t7V6FgNEw9QjvBPdysz9KfQDD41fQrC2Y4vKQdiaUpFT4bXlb1RHhLpp8wtm6M5TgSw=="],

    "vscode-jsonrpc": ["vscode-jsonrpc@8.2.1", "", {}, "sha512-kdjOSJ2lLIn7r1rtrMbbNCHjyMPfRnowdKjBQ+mGq6NAW5QY2bEZC/khaC5OR8svbbjvLEaIXkOq45e2X9BIbQ=="],

    "zod": ["zod@4.4.3", "", {}, "sha512-ytENFjIJFl2UwYglde2jchW2Hwm4GJFLDiSXWdTrJQBIN9Fcyp7n4DhxJEiWNAJMV1/BqWfW/kkg71UDcHJyTQ=="],
  }
}
